
Microsoft Visual Studio Solution File, Format Version 12.00
# Visual Studio Version 16
VisualStudioVersion = 16.0.30611.23
MinimumVisualStudioVersion = 10.0.40219.1
Project("{FAE04EC0-301F-11D3-BF4B-00C04F79EFBC}") = "ImageDetection", "ImageDetection\ImageDetection.csproj", "{BD87CF4A-7D9A-46CF-AFC2-2639A78C5C97}"
EndProject
Global
	GlobalSection(SolutionConfigurationPlatforms) = preSolution
		Debug|Any CPU = Debug|Any CPU
		Release|Any CPU = Release|Any CPU
	EndGlobalSection
	GlobalSection(ProjectConfigurationPlatforms) = postSolution
		{BD87CF4A-7D9A-46CF-AFC2-2639A78C5C97}.Debug|Any CPU.ActiveCfg = Debug|Any CPU
		{BD87CF4A-7D9A-46CF-AFC2-2639A78C5C97}.Debug|Any CPU.Build.0 = Debug|Any CPU
		{BD87CF4A-7D9A-46CF-AFC2-2639A78C5C97}.Release|Any CPU.ActiveCfg = Release|Any CPU
		{BD87CF4A-7D9A-46CF-AFC2-2639A78C5C97}.Release|Any CPU.Build.0 = Release|Any CPU
	EndGlobalSection
	GlobalSection(SolutionProperties) = preSolution
		HideSolutionNode = FALSE
	EndGlobalSection
	GlobalSection(ExtensibilityGlobals) = postSolution
		SolutionGuid = {ED09C8AB-1EBD-42B6-B9B9-DC304FC5283B}
	EndGlobalSection
EndGlobal
